
Microsoft Visual Studio Solution File, Format Version 12.00
# Visual Studio 15
Project("{FAE04EC0-301F-11D3-BF4B-00C04F79EFBC}") = "BusinessEntities", "src\BusinessEntities\BusinessEntities.csproj", "{69A580BE-EA02-466C-8862-1A09C66538E1}"
EndProject
Project("{FAE04EC0-301F-11D3-BF4B-00C04F79EFBC}") = "BusinessLayer", "src\BusinessLayer\BusinessLayer.csproj", "{EF074343-A81B-4449-98AC-31B6976FB4B0}"
EndProject
Project("{FAE04EC0-301F-11D3-BF4B-00C04F79EFBC}") = "ContentExtractionService", "src\ContentExtractionService\ContentExtractionService.csproj", "{C4F28C9D-46ED-4E52-948F-10A37A0B98C4}"
EndProject
Project("{FAE04EC0-301F-11D3-BF4B-00C04F79EFBC}") = "ControllerTests", "tests\ControllerTests\ControllerTests.csproj", "{4E14F9DD-774F-4F9A-8930-84A2FC41C3C6}"
EndProject
Project("{FAE04EC0-301F-11D3-BF4B-00C04F79EFBC}") = "BusinessTests", "tests\BusinessTests\BusinessTests.csproj", "{5E8E1EEF-BEB1-4638-8AEB-65C75585E6DF}"
EndProject
Project("{2150E333-8FDC-42A3-9474-1A3956D46DE8}") = "src", "src", "{7F3330D4-C455-4FB9-BDC5-FA6BF2903BAC}"
EndProject
Project("{2150E333-8FDC-42A3-9474-1A3956D46DE8}") = "tests", "tests", "{E8A9E827-7D17-4503-8CA5-83965A4B864E}"
EndProject
Global
	GlobalSection(SolutionConfigurationPlatforms) = preSolution
		Debug|Any CPU = Debug|Any CPU
		Release|Any CPU = Release|Any CPU
	EndGlobalSection
	GlobalSection(ProjectConfigurationPlatforms) = postSolution
		{69A580BE-EA02-466C-8862-1A09C66538E1}.Debug|Any CPU.ActiveCfg = Debug|Any CPU
		{69A580BE-EA02-466C-8862-1A09C66538E1}.Debug|Any CPU.Build.0 = Debug|Any CPU
		{69A580BE-EA02-466C-8862-1A09C66538E1}.Release|Any CPU.ActiveCfg = Release|Any CPU
		{69A580BE-EA02-466C-8862-1A09C66538E1}.Release|Any CPU.Build.0 = Release|Any CPU
		{EF074343-A81B-4449-98AC-31B6976FB4B0}.Debug|Any CPU.ActiveCfg = Debug|Any CPU
		{EF074343-A81B-4449-98AC-31B6976FB4B0}.Debug|Any CPU.Build.0 = Debug|Any CPU
		{EF074343-A81B-4449-98AC-31B6976FB4B0}.Release|Any CPU.ActiveCfg = Release|Any CPU
		{EF074343-A81B-4449-98AC-31B6976FB4B0}.Release|Any CPU.Build.0 = Release|Any CPU
		{C4F28C9D-46ED-4E52-948F-10A37A0B98C4}.Debug|Any CPU.ActiveCfg = Debug|Any CPU
		{C4F28C9D-46ED-4E52-948F-10A37A0B98C4}.Debug|Any CPU.Build.0 = Debug|Any CPU
		{C4F28C9D-46ED-4E52-948F-10A37A0B98C4}.Release|Any CPU.ActiveCfg = Release|Any CPU
		{C4F28C9D-46ED-4E52-948F-10A37A0B98C4}.Release|Any CPU.Build.0 = Release|Any CPU
		{4E14F9DD-774F-4F9A-8930-84A2FC41C3C6}.Debug|Any CPU.ActiveCfg = Debug|Any CPU
		{4E14F9DD-774F-4F9A-8930-84A2FC41C3C6}.Debug|Any CPU.Build.0 = Debug|Any CPU
		{4E14F9DD-774F-4F9A-8930-84A2FC41C3C6}.Release|Any CPU.ActiveCfg = Release|Any CPU
		{4E14F9DD-774F-4F9A-8930-84A2FC41C3C6}.Release|Any CPU.Build.0 = Release|Any CPU
		{5E8E1EEF-BEB1-4638-8AEB-65C75585E6DF}.Debug|Any CPU.ActiveCfg = Debug|Any CPU
		{5E8E1EEF-BEB1-4638-8AEB-65C75585E6DF}.Debug|Any CPU.Build.0 = Debug|Any CPU
		{5E8E1EEF-BEB1-4638-8AEB-65C75585E6DF}.Release|Any CPU.ActiveCfg = Release|Any CPU
		{5E8E1EEF-BEB1-4638-8AEB-65C75585E6DF}.Release|Any CPU.Build.0 = Release|Any CPU
	EndGlobalSection
	GlobalSection(NestedProjects) = preSolution
		{69A580BE-EA02-466C-8862-1A09C66538E1} = {7F3330D4-C455-4FB9-BDC5-FA6BF2903BAC}
		{EF074343-A81B-4449-98AC-31B6976FB4B0} = {7F3330D4-C455-4FB9-BDC5-FA6BF2903BAC}
		{C4F28C9D-46ED-4E52-948F-10A37A0B98C4} = {7F3330D4-C455-4FB9-BDC5-FA6BF2903BAC}
		{5E8E1EEF-BEB1-4638-8AEB-65C75585E6DF} = {E8A9E827-7D17-4503-8CA5-83965A4B864E}
		{4E14F9DD-774F-4F9A-8930-84A2FC41C3C6} = {E8A9E827-7D17-4503-8CA5-83965A4B864E}
	EndGlobalSection
EndGlobal
